
Microsoft Visual Studio Solution File, Format Version 12.00
# Visual Studio Version 17
VisualStudioVersion = 17.5.33424.131
MinimumVisualStudioVersion = 10.0.40219.1
Project("{FAE04EC0-301F-11D3-BF4B-00C04F79EFBC}") = "040523_NBUY2", "WindowsFormsApp3\040523_NBUY2.csproj", "{4735A427-E050-430B-B3C7-76B38B54BCD5}"
EndProject
Global
	GlobalSection(SolutionConfigurationPlatforms) = preSolution
		Debug|Any CPU = Debug|Any CPU
		Release|Any CPU = Release|Any CPU
	EndGlobalSection
	GlobalSection(ProjectConfigurationPlatforms) = postSolution
		{4735A427-E050-430B-B3C7-76B38B54BCD5}.Debug|Any CPU.ActiveCfg = Debug|Any CPU
		{4735A427-E050-430B-B3C7-76B38B54BCD5}.Debug|Any CPU.Build.0 = Debug|Any CPU
		{4735A427-E050-430B-B3C7-76B38B54BCD5}.Release|Any CPU.ActiveCfg = Release|Any CPU
		{4735A427-E050-430B-B3C7-76B38B54BCD5}.Release|Any CPU.Build.0 = Release|Any CPU
	EndGlobalSection
	GlobalSection(SolutionProperties) = preSolution
		HideSolutionNode = FALSE
	EndGlobalSection
	GlobalSection(ExtensibilityGlobals) = postSolution
		SolutionGuid = {72937E78-164C-4EAA-9B1D-657AEC407621}
	EndGlobalSection
EndGlobal
